
Microsoft Visual Studio Solution File, Format Version 12.00
# Visual Studio Version 16
VisualStudioVersion = 16.0.30104.148
MinimumVisualStudioVersion = 10.0.40219.1
Project("{FAE04EC0-301F-11D3-BF4B-00C04F79EFBC}") = "HApp.Domain", "HApp.Domain\HApp.Domain.csproj", "{B84A386E-8403-4BDB-B298-921B089D99BD}"
EndProject
Project("{FAE04EC0-301F-11D3-BF4B-00C04F79EFBC}") = "HApp.Repository.Interface", "HApp.Repository.Interface\HApp.Repository.Interface.csproj", "{99C76E0D-8600-4505-8BB5-E9E0530FCF68}"
EndProject
Project("{FAE04EC0-301F-11D3-BF4B-00C04F79EFBC}") = "HApp.Repository", "HApp.Repository\HApp.Repository.csproj", "{B314615B-7088-4C2B-94D2-FE6752E4DDC4}"
EndProject
Project("{FAE04EC0-301F-11D3-BF4B-00C04F79EFBC}") = "HApp.Repository.Test", "HApp.Repository.Test\HApp.Repository.Test.csproj", "{98C4E54F-0C83-4B9D-8B9A-355091DB2369}"
EndProject
Project("{FAE04EC0-301F-11D3-BF4B-00C04F79EFBC}") = "HApp.Service", "HApp.Service\HApp.Service.csproj", "{FFBE6DBF-B065-43E0-AFCB-6CA35A152411}"
EndProject
Project("{FAE04EC0-301F-11D3-BF4B-00C04F79EFBC}") = "HApp.Service.Interface", "HApp.Service.Interface\HApp.Service.Interface.csproj", "{521A0C23-3855-47B0-953C-03D92A5BFF22}"
EndProject
Global
	GlobalSection(SolutionConfigurationPlatforms) = preSolution
		Debug|Any CPU = Debug|Any CPU
		Release|Any CPU = Release|Any CPU
	EndGlobalSection
	GlobalSection(ProjectConfigurationPlatforms) = postSolution
		{B84A386E-8403-4BDB-B298-921B089D99BD}.Debug|Any CPU.ActiveCfg = Debug|Any CPU
		{B84A386E-8403-4BDB-B298-921B089D99BD}.Debug|Any CPU.Build.0 = Debug|Any CPU
		{B84A386E-8403-4BDB-B298-921B089D99BD}.Release|Any CPU.ActiveCfg = Release|Any CPU
		{B84A386E-8403-4BDB-B298-921B089D99BD}.Release|Any CPU.Build.0 = Release|Any CPU
		{99C76E0D-8600-4505-8BB5-E9E0530FCF68}.Debug|Any CPU.ActiveCfg = Debug|Any CPU
		{99C76E0D-8600-4505-8BB5-E9E0530FCF68}.Debug|Any CPU.Build.0 = Debug|Any CPU
		{99C76E0D-8600-4505-8BB5-E9E0530FCF68}.Release|Any CPU.ActiveCfg = Release|Any CPU
		{99C76E0D-8600-4505-8BB5-E9E0530FCF68}.Release|Any CPU.Build.0 = Release|Any CPU
		{B314615B-7088-4C2B-94D2-FE6752E4DDC4}.Debug|Any CPU.ActiveCfg = Debug|Any CPU
		{B314615B-7088-4C2B-94D2-FE6752E4DDC4}.Debug|Any CPU.Build.0 = Debug|Any CPU
		{B314615B-7088-4C2B-94D2-FE6752E4DDC4}.Release|Any CPU.ActiveCfg = Release|Any CPU
		{B314615B-7088-4C2B-94D2-FE6752E4DDC4}.Release|Any CPU.Build.0 = Release|Any CPU
		{98C4E54F-0C83-4B9D-8B9A-355091DB2369}.Debug|Any CPU.ActiveCfg = Debug|Any CPU
		{98C4E54F-0C83-4B9D-8B9A-355091DB2369}.Debug|Any CPU.Build.0 = Debug|Any CPU
		{98C4E54F-0C83-4B9D-8B9A-355091DB2369}.Release|Any CPU.ActiveCfg = Release|Any CPU
		{98C4E54F-0C83-4B9D-8B9A-355091DB2369}.Release|Any CPU.Build.0 = Release|Any CPU
		{FFBE6DBF-B065-43E0-AFCB-6CA35A152411}.Debug|Any CPU.ActiveCfg = Debug|Any CPU
		{FFBE6DBF-B065-43E0-AFCB-6CA35A152411}.Debug|Any CPU.Build.0 = Debug|Any CPU
		{FFBE6DBF-B065-43E0-AFCB-6CA35A152411}.Release|Any CPU.ActiveCfg = Release|Any CPU
		{FFBE6DBF-B065-43E0-AFCB-6CA35A152411}.Release|Any CPU.Build.0 = Release|Any CPU
		{521A0C23-3855-47B0-953C-03D92A5BFF22}.Debug|Any CPU.ActiveCfg = Debug|Any CPU
		{521A0C23-3855-47B0-953C-03D92A5BFF22}.Debug|Any CPU.Build.0 = Debug|Any CPU
		{521A0C23-3855-47B0-953C-03D92A5BFF22}.Release|Any CPU.ActiveCfg = Release|Any CPU
		{521A0C23-3855-47B0-953C-03D92A5BFF22}.Release|Any CPU.Build.0 = Release|Any CPU
	EndGlobalSection
	GlobalSection(SolutionProperties) = preSolution
		HideSolutionNode = FALSE
	EndGlobalSection
	GlobalSection(ExtensibilityGlobals) = postSolution
		SolutionGuid = {5F56A0A1-2BAF-4734-A42B-992D3D64D20C}
	EndGlobalSection
EndGlobal
